{
  "name": "ecvd4-pr1",
  "version": "1.0.0",
  "lockfileVersion": 1,
  "requires": true,
  "dependencies": {
    "@popperjs/core": {
      "version": "2.1.1",
      "resolved": "https://registry.npmjs.org/@popperjs/core/-/core-2.1.1.tgz",
      "integrity": "sha512-sLqWxCzC5/QHLhziXSCAksBxHfOnQlhPRVgPK0egEw+ktWvG75T2k+aYWVjVh9+WKeT3tlG3ZNbZQvZLmfuOIw=="
    },
    "tippy.js": {
      "version": "6.1.0",
      "resolved": "https://registry.npmjs.org/tippy.js/-/tippy.js-6.1.0.tgz",
      "integrity": "sha512-cRFydlVZlvo4soQSUfVNbH2K77zDUhDAzaAjxseyn81gGIa+j72y98yDL2yB0n8gas/E+Zlr1iOyR5ckslUFqA==",
      "requires": {
        "@popperjs/core": "^2.1.1"
      }
    }
  }
}
